// !$*UTF8*$!
{
	archiveVersion = 1;
	classes = {
	};
	objectVersion = 51;
	objects = {

/* Begin PBXBuildFile section */
		0102C06EBF85B6D2691B1B22 /* Pods_UberLocationSearch.framework in Frameworks */ = {isa = PBXBuildFile; fileRef = 57BD58C97220081219A0890E /* Pods_UberLocationSearch.framework */; };
		AC93955426EF6E8A00F2C593 /* LocationManager.swift in Sources */ = {isa = PBXBuildFile; fileRef = AC93955326EF6E8A00F2C593 /* LocationManager.swift */; };
		AC93955726EF6F7F00F2C593 /* Location.swift in Sources */ = {isa = PBXBuildFile; fileRef = AC93955626EF6F7F00F2C593 /* Location.swift */; };
		AC93955926EF72E100F2C593 /* SearchViewController.swift in Sources */ = {isa = PBXBuildFile; fileRef = AC93955826EF72E100F2C593 /* SearchViewController.swift */; };
		ACD4A06426DB9021003A25C5 /* AppDelegate.swift in Sources */ = {isa = PBXBuildFile; fileRef = ACD4A06326DB9021003A25C5 /* AppDelegate.swift */; };
		ACD4A06626DB9021003A25C5 /* SceneDelegate.swift in Sources */ = {isa = PBXBuildFile; fileRef = ACD4A06526DB9021003A25C5 /* SceneDelegate.swift */; };
		ACD4A06826DB9021003A25C5 /* ViewController.swift in Sources */ = {isa = PBXBuildFile; fileRef = ACD4A06726DB9021003A25C5 /* ViewController.swift */; };
		ACD4A06B26DB9021003A25C5 /* Main.storyboard in Resources */ = {isa = PBXBuildFile; fileRef = ACD4A06926DB9021003A25C5 /* Main.storyboard */; };
		ACD4A06D26DB9023003A25C5 /* Assets.xcassets in Resources */ = {isa = PBXBuildFile; fileRef = ACD4A06C26DB9023003A25C5 /* Assets.xcassets */; };
		ACD4A07026DB9023003A25C5 /* LaunchScreen.storyboard in Resources */ = {isa = PBXBuildFile; fileRef = ACD4A06E26DB9023003A25C5 /* LaunchScreen.storyboard */; };
/* End PBXBuildFile section */

/* Begin PBXFileReference section */
		2594F4453E7C151DC6167AFD /* Pods-UberLocationSearch.debug.xcconfig */ = {isa = PBXFileReference; includeInIndex = 1; lastKnownFileType = text.xcconfig; name = "Pods-UberLocationSearch.debug.xcconfig"; path = "Target Support Files/Pods-UberLocationSearch/Pods-UberLocationSearch.debug.xcconfig"; sourceTree = "<group>"; };
		57BD58C97220081219A0890E /* Pods_UberLocationSearch.framework */ = {isa = PBXFileReference; explicitFileType = wrapper.framework; includeInIndex = 0; path = Pods_UberLocationSearch.framework; sourceTree = BUILT_PRODUCTS_DIR; };
		AC93955326EF6E8A00F2C593 /* LocationManager.swift */ = {isa = PBXFileReference; lastKnownFileType = sourcecode.swift; path = LocationManager.swift; sourceTree = "<group>"; };
		AC93955626EF6F7F00F2C593 /* Location.swift */ = {isa = PBXFileReference; lastKnownFileType = sourcecode.swift; path = Location.swift; sourceTree = "<group>"; };
		AC93955826EF72E100F2C593 /* SearchViewController.swift */ = {isa = PBXFileReference; lastKnownFileType = sourcecode.swift; path = SearchViewController.swift; sourceTree = "<group>"; };
		ACD4A06026DB9021003A25C5 /* UberLocationSearch.app */ = {isa = PBXFileReference; explicitFileType = wrapper.application; includeInIndex = 0; path = UberLocationSearch.app; sourceTree = BUILT_PRODUCTS_DIR; };
		ACD4A06326DB9021003A25C5 /* AppDelegate.swift */ = {isa = PBXFileReference; lastKnownFileType = sourcecode.swift; path = AppDelegate.swift; sourceTree = "<group>"; };
		ACD4A06526DB9021003A25C5 /* SceneDelegate.swift */ = {isa = PBXFileReference; lastKnownFileType = sourcecode.swift; path = SceneDelegate.swift; sourceTree = "<group>"; };
		ACD4A06726DB9021003A25C5 /* ViewController.swift */ = {isa = PBXFileReference; lastKnownFileType = sourcecode.swift; path = ViewController.swift; sourceTree = "<group>"; };
		ACD4A06A26DB9021003A25C5 /* Base */ = {isa = PBXFileReference; lastKnownFileType = file.storyboard; name = Base; path = Base.lproj/Main.storyboard; sourceTree = "<group>"; };
		ACD4A06C26DB9023003A25C5 /* Assets.xcassets */ = {isa = PBXFileReference; lastKnownFileType = folder.assetcatalog; path = Assets.xcassets; sourceTree = "<group>"; };
		ACD4A06F26DB9023003A25C5 /* Base */ = {isa = PBXFileReference; lastKnownFileType = file.storyboard; name = Base; path = Base.lproj/LaunchScreen.storyboard; sourceTree = "<group>"; };
		ACD4A07126DB9023003A25C5 /* Info.plist */ = {isa = PBXFileReference; lastKnownFileType = text.plist.xml; path = Info.plist; sourceTree = "<group>"; };
		CBB928BDDF1A40B2ECE58ACB /* Pods-UberLocationSearch.release.xcconfig */ = {isa = PBXFileReference; includeInIndex = 1; lastKnownFileType = text.xcconfig; name = "Pods-UberLocationSearch.release.xcconfig"; path = "Target Support Files/Pods-UberLocationSearch/Pods-UberLocationSearch.release.xcconfig"; sourceTree = "<group>"; };
/* End PBXFileReference section */

/* Begin PBXFrameworksBuildPhase section */
		ACD4A05D26DB9021003A25C5 /* Frameworks */ = {
			isa = PBXFrameworksBuildPhase;
			buildActionMask = 2147483647;
			files = (
				0102C06EBF85B6D2691B1B22 /* Pods_UberLocationSearch.framework in Frameworks */,
			);
			runOnlyForDeploymentPostprocessing = 0;
		};
/* End PBXFrameworksBuildPhase section */

/* Begin PBXGroup section */
		511D9F40AA00DCEEDB830DB0 /* Pods */ = {
			isa = PBXGroup;
			children = (
				2594F4453E7C151DC6167AFD /* Pods-UberLocationSearch.debug.xcconfig */,
				CBB928BDDF1A40B2ECE58ACB /* Pods-UberLocationSearch.release.xcconfig */,
			);
			path = Pods;
			sourceTree = "<group>";
		};
		741847B41BA6B08CD6D76521 /* Frameworks */ = {
			isa = PBXGroup;
			children = (
				57BD58C97220081219A0890E /* Pods_UberLocationSearch.framework */,
			);
			name = Frameworks;
			sourceTree = "<group>";
		};
		AC93955126EF6E5B00F2C593 /* ViewController */ = {
			isa = PBXGroup;
			children = (
				ACD4A06726DB9021003A25C5 /* ViewController.swift */,
				AC93955826EF72E100F2C593 /* SearchViewController.swift */,
			);
			path = ViewController;
			sourceTree = "<group>";
		};
		AC93955226EF6E6B00F2C593 /* Manager */ = {
			isa = PBXGroup;
			children = (
				AC93955326EF6E8A00F2C593 /* LocationManager.swift */,
			);
			path = Manager;
			sourceTree = "<group>";
		};
		AC93955526EF6F7200F2C593 /* Model */ = {
			isa = PBXGroup;
			children = (
				AC93955626EF6F7F00F2C593 /* Location.swift */,
			);
			path = Model;
			sourceTree = "<group>";
		};
		ACD4A05726DB9021003A25C5 = {
			isa = PBXGroup;
			children = (
				ACD4A06226DB9021003A25C5 /* UberLocationSearch */,
				ACD4A06126DB9021003A25C5 /* Products */,
				511D9F40AA00DCEEDB830DB0 /* Pods */,
				741847B41BA6B08CD6D76521 /* Frameworks */,
			);
			sourceTree = "<group>";
		};
		ACD4A06126DB9021003A25C5 /* Products */ = {
			isa = PBXGroup;
			children = (
				ACD4A06026DB9021003A25C5 /* UberLocationSearch.app */,
			);
			name = Products;
			sourceTree = "<group>";
		};
		ACD4A06226DB9021003A25C5 /* UberLocationSearch */ = {
			isa = PBXGroup;
			children = (
				AC93955526EF6F7200F2C593 /* Model */,
				AC93955226EF6E6B00F2C593 /* Manager */,
				AC93955126EF6E5B00F2C593 /* ViewController */,
				ACD4A06326DB9021003A25C5 /* AppDelegate.swift */,
				ACD4A06526DB9021003A25C5 /* SceneDelegate.swift */,
				ACD4A06926DB9021003A25C5 /* Main.storyboard */,
				ACD4A06C26DB9023003A25C5 /* Assets.xcassets */,
				ACD4A06E26DB9023003A25C5 /* LaunchScreen.storyboard */,
				ACD4A07126DB9023003A25C5 /* Info.plist */,
			);
			path = UberLocationSearch;
			sourceTree = "<group>";
		};
/* End PBXGroup section */

/* Begin PBXNativeTarget section */
		ACD4A05F26DB9021003A25C5 /* UberLocationSearch */ = {
			isa = PBXNativeTarget;
			buildConfigurationList = ACD4A07426DB9023003A25C5 /* Build configuration list for PBXNativeTarget "UberLocationSearch" */;
			buildPhases = (
				CF0E486F450EC80FB559FE30 /* [CP] Check Pods Manifest.lock */,
				ACD4A05C26DB9021003A25C5 /* Sources */,
				ACD4A05D26DB9021003A25C5 /* Frameworks */,
				ACD4A05E26DB9021003A25C5 /* Resources */,
				B98EDC274BBEED1AA1AE7045 /* [CP] Embed Pods Frameworks */,
			);
			buildRules = (
			);
			dependencies = (
			);
			name = UberLocationSearch;
			productName = UberLocationSearch;
			productReference = ACD4A06026DB9021003A25C5 /* UberLocationSearch.app */;
			productType = "com.apple.product-type.application";
		};
/* End PBXNativeTarget section */

/* Begin PBXProject section */
		ACD4A05826DB9021003A25C5 /* Project object */ = {
			isa = PBXProject;
			attributes = {
				LastSwiftUpdateCheck = 1250;
				LastUpgradeCheck = 1250;
				TargetAttributes = {
					ACD4A05F26DB9021003A25C5 = {
						CreatedOnToolsVersion = 12.5.1;
					};
				};
			};
			buildConfigurationList = ACD4A05B26DB9021003A25C5 /* Build configuration list for PBXProject "UberLocationSearch" */;
			compatibilityVersion = "Xcode 9.3";
			developmentRegion = en;
			hasScannedForEncodings = 0;
			knownRegions = (
				en,
				Base,
			);
			mainGroup = ACD4A05726DB9021003A25C5;
			productRefGroup = ACD4A06126DB9021003A25C5 /* Products */;
			projectDirPath = "";
			projectRoot = "";
			targets = (
				ACD4A05F26DB9021003A25C5 /* UberLocationSearch */,
			);
		};
/* End PBXProject section */

/* Begin PBXResourcesBuildPhase section */
		ACD4A05E26DB9021003A25C5 /* Resources */ = {
			isa = PBXResourcesBuildPhase;
			buildActionMask = 2147483647;
			files = (
				ACD4A07026DB9023003A25C5 /* LaunchScreen.storyboard in Resources */,
				ACD4A06D26DB9023003A25C5 /* Assets.xcassets in Resources */,
				ACD4A06B26DB9021003A25C5 /* Main.storyboard in Resources */,
			);
			runOnlyForDeploymentPostprocessing = 0;
		};
/* End PBXResourcesBuildPhase section */

/* Begin PBXShellScriptBuildPhase section */
		B98EDC274BBEED1AA1AE7045 /* [CP] Embed Pods Frameworks */ = {
			isa = PBXShellScriptBuildPhase;
			buildActionMask = 2147483647;
			files = (
			);
			inputFileListPaths = (
				"${PODS_ROOT}/Target Support Files/Pods-UberLocationSearch/Pods-UberLocationSearch-frameworks-${CONFIGURATION}-input-files.xcfilelist",
			);
			name = "[CP] Embed Pods Frameworks";
			outputFileListPaths = (
				"${PODS_ROOT}/Target Support Files/Pods-UberLocationSearch/Pods-UberLocationSearch-frameworks-${CONFIGURATION}-output-files.xcfilelist",
			);
			runOnlyForDeploymentPostprocessing = 0;
			shellPath = /bin/sh;
			shellScript = "\"${PODS_ROOT}/Target Support Files/Pods-UberLocationSearch/Pods-UberLocationSearch-frameworks.sh\"\n";
			showEnvVarsInLog = 0;
		};
		CF0E486F450EC80FB559FE30 /* [CP] Check Pods Manifest.lock */ = {
			isa = PBXShellScriptBuildPhase;
			buildActionMask = 2147483647;
			files = (
			);
			inputFileListPaths = (
			);
			inputPaths = (
				"${PODS_PODFILE_DIR_PATH}/Podfile.lock",
				"${PODS_ROOT}/Manifest.lock",
			);
			name = "[CP] Check Pods Manifest.lock";
			outputFileListPaths = (
			);
			outputPaths = (
				"$(DERIVED_FILE_DIR)/Pods-UberLocationSearch-checkManifestLockResult.txt",
			);
			runOnlyForDeploymentPostprocessing = 0;
			shellPath = /bin/sh;
			shellScript = "diff \"${PODS_PODFILE_DIR_PATH}/Podfile.lock\" \"${PODS_ROOT}/Manifest.lock\" > /dev/null\nif [ $? != 0 ] ; then\n    # print error to STDERR\n    echo \"error: The sandbox is not in sync with the Podfile.lock. Run 'pod install' or update your CocoaPods installation.\" >&2\n    exit 1\nfi\n# This output is used by Xcode 'outputs' to avoid re-running this script phase.\necho \"SUCCESS\" > \"${SCRIPT_OUTPUT_FILE_0}\"\n";
			showEnvVarsInLog = 0;
		};
/* End PBXShellScriptBuildPhase section */

/* Begin PBXSourcesBuildPhase section */
		ACD4A05C26DB9021003A25C5 /* Sources */ = {
			isa = PBXSourcesBuildPhase;
			buildActionMask = 2147483647;
			files = (
				AC93955926EF72E100F2C593 /* SearchViewController.swift in Sources */,
				AC93955426EF6E8A00F2C593 /* LocationManager.swift in Sources */,
				ACD4A06826DB9021003A25C5 /* ViewController.swift in Sources */,
				AC93955726EF6F7F00F2C593 /* Location.swift in Sources */,
				ACD4A06426DB9021003A25C5 /* AppDelegate.swift in Sources */,
				ACD4A06626DB9021003A25C5 /* SceneDelegate.swift in Sources */,
			);
			runOnlyForDeploymentPostprocessing = 0;
		};
/* End PBXSourcesBuildPhase section */

/* Begin PBXVariantGroup section */
		ACD4A06926DB9021003A25C5 /* Main.storyboard */ = {
			isa = PBXVariantGroup;
			children = (
				ACD4A06A26DB9021003A25C5 /* Base */,
			);
			name = Main.storyboard;
			sourceTree = "<group>";
		};
		ACD4A06E26DB9023003A25C5 /* LaunchScreen.storyboard */ = {
			isa = PBXVariantGroup;
			children = (
				ACD4A06F26DB9023003A25C5 /* Base */,
			);
			name = LaunchScreen.storyboard;
			sourceTree = "<group>";
		};
/* End PBXVariantGroup section */

/* Begin XCBuildConfiguration section */
		ACD4A07226DB9023003A25C5 /* Debug */ = {
			isa = XCBuildConfiguration;
			buildSettings = {
				ALWAYS_SEARCH_USER_PATHS = NO;
				CLANG_ANALYZER_NONNULL = YES;
				CLANG_ANALYZER_NUMBER_OBJECT_CONVERSION = YES_AGGRESSIVE;
				CLANG_CXX_LANGUAGE_STANDARD = "gnu++14";
				CLANG_CXX_LIBRARY = "libc++";
				CLANG_ENABLE_MODULES = YES;
				CLANG_ENABLE_OBJC_ARC = YES;
				CLANG_ENABLE_OBJC_WEAK = YES;
				CLANG_WARN_BLOCK_CAPTURE_AUTORELEASING = YES;
				CLANG_WARN_BOOL_CONVERSION = YES;
				CLANG_WARN_COMMA = YES;
				CLANG_WARN_CONSTANT_CONVERSION = YES;
				CLANG_WARN_DEPRECATED_OBJC_IMPLEMENTATIONS = YES;
				CLANG_WARN_DIRECT_OBJC_ISA_USAGE = YES_ERROR;
				CLANG_WARN_DOCUMENTATION_COMMENTS = YES;
				CLANG_WARN_EMPTY_BODY = YES;
				CLANG_WARN_ENUM_CONVERSION = YES;
				CLANG_WARN_INFINITE_RECURSION = YES;
				CLANG_WARN_INT_CONVERSION = YES;
				CLANG_WARN_NON_LITERAL_NULL_CONVERSION = YES;
				CLANG_WARN_OBJC_IMPLICIT_RETAIN_SELF = YES;
				CLANG_WARN_OBJC_LITERAL_CONVERSION = YES;
				CLANG_WARN_OBJC_ROOT_CLASS = YES_ERROR;
				CLANG_WARN_QUOTED_INCLUDE_IN_FRAMEWORK_HEADER = YES;
				CLANG_WARN_RANGE_LOOP_ANALYSIS = YES;
				CLANG_WARN_STRICT_PROTOTYPES = YES;
				CLANG_WARN_SUSPICIOUS_MOVE = YES;
				CLANG_WARN_UNGUARDED_AVAILABILITY = YES_AGGRESSIVE;
				CLANG_WARN_UNREACHABLE_CODE = YES;
				CLANG_WARN__DUPLICATE_METHOD_MATCH = YES;
				COPY_PHASE_STRIP = NO;
				DEBUG_INFORMATION_FORMAT = dwarf;
				ENABLE_STRICT_OBJC_MSGSEND = YES;
				ENABLE_TESTABILITY = YES;
				GCC_C_LANGUAGE_STANDARD = gnu11;
				GCC_DYNAMIC_NO_PIC = NO;
				GCC_NO_COMMON_BLOCKS = YES;
				GCC_OPTIMIZATION_LEVEL = 0;
				GCC_PREPROCESSOR_DEFINITIONS = (
					"DEBUG=1",
					"$(inherited)",
				);
				GCC_WARN_64_TO_32_BIT_CONVERSION = YES;
				GCC_WARN_ABOUT_RETURN_TYPE = YES_ERROR;
				GCC_WARN_UNDECLARED_SELECTOR = YES;
				GCC_WARN_UNINITIALIZED_AUTOS = YES_AGGRESSIVE;
				GCC_WARN_UNUSED_FUNCTION = YES;
				GCC_WARN_UNUSED_VARIABLE = YES;
				IPHONEOS_DEPLOYMENT_TARGET = 14.5;
				MTL_ENABLE_DEBUG_INFO = INCLUDE_SOURCE;
				MTL_FAST_MATH = YES;
				ONLY_ACTIVE_ARCH = YES;
				SDKROOT = iphoneos;
				SWIFT_ACTIVE_COMPILATION_CONDITIONS = DEBUG;
				SWIFT_OPTIMIZATION_LEVEL = "-Onone";
			};
			name = Debug;
		};
		ACD4A07326DB9023003A25C5 /* Release */ = {
			isa = XCBuildConfiguration;
			buildSettings = {
				ALWAYS_SEARCH_USER_PATHS = NO;
				CLANG_ANALYZER_NONNULL = YES;
				CLANG_ANALYZER_NUMBER_OBJECT_CONVERSION = YES_AGGRESSIVE;
				CLANG_CXX_LANGUAGE_STANDARD = "gnu++14";
				CLANG_CXX_LIBRARY = "libc++";
				CLANG_ENABLE_MODULES = YES;
				CLANG_ENABLE_OBJC_ARC = YES;
				CLANG_ENABLE_OBJC_WEAK = YES;
				CLANG_WARN_BLOCK_CAPTURE_AUTORELEASING = YES;
				CLANG_WARN_BOOL_CONVERSION = YES;
				CLANG_WARN_COMMA = YES;
				CLANG_WARN_CONSTANT_CONVERSION = YES;
				CLANG_WARN_DEPRECATED_OBJC_IMPLEMENTATIONS = YES;
				CLANG_WARN_DIRECT_OBJC_ISA_USAGE = YES_ERROR;
				CLANG_WARN_DOCUMENTATION_COMMENTS = YES;
				CLANG_WARN_EMPTY_BODY = YES;
				CLANG_WARN_ENUM_CONVERSION = YES;
				CLANG_WARN_INFINITE_RECURSION = YES;
				CLANG_WARN_INT_CONVERSION = YES;
				CLANG_WARN_NON_LITERAL_NULL_CONVERSION = YES;
				CLANG_WARN_OBJC_IMPLICIT_RETAIN_SELF = YES;
				CLANG_WARN_OBJC_LITERAL_CONVERSION = YES;
				CLANG_WARN_OBJC_ROOT_CLASS = YES_ERROR;
				CLANG_WARN_QUOTED_INCLUDE_IN_FRAMEWORK_HEADER = YES;
				CLANG_WARN_RANGE_LOOP_ANALYSIS = YES;
				CLANG_WARN_STRICT_PROTOTYPES = YES;
				CLANG_WARN_SUSPICIOUS_MOVE = YES;
				CLANG_WARN_UNGUARDED_AVAILABILITY = YES_AGGRESSIVE;
				CLANG_WARN_UNREACHABLE_CODE = YES;
				CLANG_WARN__DUPLICATE_METHOD_MATCH = YES;
				COPY_PHASE_STRIP = NO;
				DEBUG_INFORMATION_FORMAT = "dwarf-with-dsym";
				ENABLE_NS_ASSERTIONS = NO;
				ENABLE_STRICT_OBJC_MSGSEND = YES;
				GCC_C_LANGUAGE_STANDARD = gnu11;
				GCC_NO_COMMON_BLOCKS = YES;
				GCC_WARN_64_TO_32_BIT_CONVERSION = YES;
				GCC_WARN_ABOUT_RETURN_TYPE = YES_ERROR;
				GCC_WARN_UNDECLARED_SELECTOR = YES;
				GCC_WARN_UNINITIALIZED_AUTOS = YES_AGGRESSIVE;
				GCC_WARN_UNUSED_FUNCTION = YES;
				GCC_WARN_UNUSED_VARIABLE = YES;
				IPHONEOS_DEPLOYMENT_TARGET = 14.5;
				MTL_ENABLE_DEBUG_INFO = NO;
				MTL_FAST_MATH = YES;
				SDKROOT = iphoneos;
				SWIFT_COMPILATION_MODE = wholemodule;
				SWIFT_OPTIMIZATION_LEVEL = "-O";
				VALIDATE_PRODUCT = YES;
			};
			name = Release;
		};
		ACD4A07526DB9023003A25C5 /* Debug */ = {
			isa = XCBuildConfiguration;
			baseConfigurationReference = 2594F4453E7C151DC6167AFD /* Pods-UberLocationSearch.debug.xcconfig */;
			buildSettings = {
				ASSETCATALOG_COMPILER_APPICON_NAME = AppIcon;
				ASSETCATALOG_COMPILER_GLOBAL_ACCENT_COLOR_NAME = AccentColor;
				CODE_SIGN_STYLE = Automatic;
				DEVELOPMENT_TEAM = FACS5QY45H;
				INFOPLIST_FILE = UberLocationSearch/Info.plist;
				LD_RUNPATH_SEARCH_PATHS = (
					"$(inherited)",
					"@executable_path/Frameworks",
				);
				PRODUCT_BUNDLE_IDENTIFIER = "info.az-ai.UberLocationSearch";
				PRODUCT_NAME = "$(TARGET_NAME)";
				SWIFT_VERSION = 5.0;
				TARGETED_DEVICE_FAMILY = "1,2";
			};
			name = Debug;
		};
		ACD4A07626DB9023003A25C5 /* Release */ = {
			isa = XCBuildConfiguration;
			baseConfigurationReference = CBB928BDDF1A40B2ECE58ACB /* Pods-UberLocationSearch.release.xcconfig */;
			buildSettings = {
				ASSETCATALOG_COMPILER_APPICON_NAME = AppIcon;
				ASSETCATALOG_COMPILER_GLOBAL_ACCENT_COLOR_NAME = AccentColor;
				CODE_SIGN_STYLE = Automatic;
				DEVELOPMENT_TEAM = FACS5QY45H;
				INFOPLIST_FILE = UberLocationSearch/Info.plist;
				LD_RUNPATH_SEARCH_PATHS = (
					"$(inherited)",
					"@executable_path/Frameworks",
				);
				PRODUCT_BUNDLE_IDENTIFIER = "info.az-ai.UberLocationSearch";
				PRODUCT_NAME = "$(TARGET_NAME)";
				SWIFT_VERSION = 5.0;
				TARGETED_DEVICE_FAMILY = "1,2";
			};
			name = Release;
		};
/* End XCBuildConfiguration section */

/* Begin XCConfigurationList section */
		ACD4A05B26DB9021003A25C5 /* Build configuration list for PBXProject "UberLocationSearch" */ = {
			isa = XCConfigurationList;
			buildConfigurations = (
				ACD4A07226DB9023003A25C5 /* Debug */,
				ACD4A07326DB9023003A25C5 /* Release */,
			);
			defaultConfigurationIsVisible = 0;
			defaultConfigurationName = Release;
		};
		ACD4A07426DB9023003A25C5 /* Build configuration list for PBXNativeTarget "UberLocationSearch" */ = {
			isa = XCConfigurationList;
			buildConfigurations = (
				ACD4A07526DB9023003A25C5 /* Debug */,
				ACD4A07626DB9023003A25C5 /* Release */,
			);
			defaultConfigurationIsVisible = 0;
			defaultConfigurationName = Release;
		};
/* End XCConfigurationList section */
	};
	rootObject = ACD4A05826DB9021003A25C5 /* Project object */;
}
